
Microsoft Visual Studio Solution File, Format Version 12.00
# Visual Studio 14
VisualStudioVersion = 14.0.25420.1
MinimumVisualStudioVersion = 10.0.40219.1
Project("{FAE04EC0-301F-11D3-BF4B-00C04F79EFBC}") = "Products_Cost", "Products_Cost\Products_Cost.csproj", "{8CE2BEAA-C358-4D6A-A7E5-9E513ACB6D58}"
EndProject
Project("{FAE04EC0-301F-11D3-BF4B-00C04F79EFBC}") = "LoginSystem", "LoginSystem\LoginSystem.csproj", "{69DA687E-029C-476E-8771-FCA56D5BDA41}"
EndProject
Project("{2150E333-8FDC-42A3-9474-1A3956D46DE8}") = "SQL", "SQL", "{F36C0341-86CA-4C42-BDC9-EBEBAD02C176}"
	ProjectSection(SolutionItems) = preProject
		C:\Users\Administrator\Desktop\191019.sql = C:\Users\Administrator\Desktop\191019.sql
		SQL\Readme.txt = SQL\Readme.txt
	EndProjectSection
EndProject
Project("{FAE04EC0-301F-11D3-BF4B-00C04F79EFBC}") = "Products_Cost_Public_Class", "Products_Cost_Public_Class\Products_Cost_Public_Class.csproj", "{94813F68-7AC6-45DD-BA3D-AB198B4C7D9F}"
EndProject
Global
	GlobalSection(SolutionConfigurationPlatforms) = preSolution
		Debug|Any CPU = Debug|Any CPU
		Release|Any CPU = Release|Any CPU
	EndGlobalSection
	GlobalSection(ProjectConfigurationPlatforms) = postSolution
		{8CE2BEAA-C358-4D6A-A7E5-9E513ACB6D58}.Debug|Any CPU.ActiveCfg = Debug|Any CPU
		{8CE2BEAA-C358-4D6A-A7E5-9E513ACB6D58}.Debug|Any CPU.Build.0 = Debug|Any CPU
		{8CE2BEAA-C358-4D6A-A7E5-9E513ACB6D58}.Release|Any CPU.ActiveCfg = Release|Any CPU
		{8CE2BEAA-C358-4D6A-A7E5-9E513ACB6D58}.Release|Any CPU.Build.0 = Release|Any CPU
		{69DA687E-029C-476E-8771-FCA56D5BDA41}.Debug|Any CPU.ActiveCfg = Debug|Any CPU
		{69DA687E-029C-476E-8771-FCA56D5BDA41}.Debug|Any CPU.Build.0 = Debug|Any CPU
		{69DA687E-029C-476E-8771-FCA56D5BDA41}.Release|Any CPU.ActiveCfg = Release|Any CPU
		{69DA687E-029C-476E-8771-FCA56D5BDA41}.Release|Any CPU.Build.0 = Release|Any CPU
		{94813F68-7AC6-45DD-BA3D-AB198B4C7D9F}.Debug|Any CPU.ActiveCfg = Debug|Any CPU
		{94813F68-7AC6-45DD-BA3D-AB198B4C7D9F}.Debug|Any CPU.Build.0 = Debug|Any CPU
		{94813F68-7AC6-45DD-BA3D-AB198B4C7D9F}.Release|Any CPU.ActiveCfg = Release|Any CPU
		{94813F68-7AC6-45DD-BA3D-AB198B4C7D9F}.Release|Any CPU.Build.0 = Release|Any CPU
	EndGlobalSection
	GlobalSection(SolutionProperties) = preSolution
		HideSolutionNode = FALSE
	EndGlobalSection
EndGlobal
