
Microsoft Visual Studio Solution File, Format Version 12.00
# Visual Studio 14
VisualStudioVersion = 14.0.25420.1
MinimumVisualStudioVersion = 10.0.40219.1
Project("{FAE04EC0-301F-11D3-BF4B-00C04F79EFBC}") = "Products_Cost", "Products_Cost\Products_Cost.csproj", "{8CE2BEAA-C358-4D6A-A7E5-9E513ACB6D58}"
EndProject
Project("{FAE04EC0-301F-11D3-BF4B-00C04F79EFBC}") = "LoginSystem", "LoginSystem\LoginSystem.csproj", "{69DA687E-029C-476E-8771-FCA56D5BDA41}"
EndProject
Project("{2150E333-8FDC-42A3-9474-1A3956D46DE8}") = "SQL", "SQL", "{F36C0341-86CA-4C42-BDC9-EBEBAD02C176}"
	ProjectSection(SolutionItems) = preProject
		C:\Users\Administrator\Desktop\191019.sql = C:\Users\Administrator\Desktop\191019.sql
		SQL\Readme.txt = SQL\Readme.txt
	EndProjectSection
EndProject
Project("{FAE04EC0-301F-11D3-BF4B-00C04F79EFBC}") = "Tools", "F:\tools\SFCSystem_通用版\SFCSystem_通用版\SFCSystem_通用版\Tools\Tools\Tools.csproj", "{F6A0DC14-7C22-4AB6-91C9-C5F7A9F90CA8}"
EndProject
Project("{FAE04EC0-301F-11D3-BF4B-00C04F79EFBC}") = "Excel", "F:\tools\SFCSystem_通用版\SFCSystem_通用版\SFCSystem_通用版\Excel\Excel\Excel.csproj", "{B6115B10-3712-4534-8124-0027F28A5C8E}"
EndProject
Global
	GlobalSection(SolutionConfigurationPlatforms) = preSolution
		Debug|Any CPU = Debug|Any CPU
		Release|Any CPU = Release|Any CPU
	EndGlobalSection
	GlobalSection(ProjectConfigurationPlatforms) = postSolution
		{8CE2BEAA-C358-4D6A-A7E5-9E513ACB6D58}.Debug|Any CPU.ActiveCfg = Debug|Any CPU
		{8CE2BEAA-C358-4D6A-A7E5-9E513ACB6D58}.Debug|Any CPU.Build.0 = Debug|Any CPU
		{8CE2BEAA-C358-4D6A-A7E5-9E513ACB6D58}.Release|Any CPU.ActiveCfg = Release|Any CPU
		{8CE2BEAA-C358-4D6A-A7E5-9E513ACB6D58}.Release|Any CPU.Build.0 = Release|Any CPU
		{69DA687E-029C-476E-8771-FCA56D5BDA41}.Debug|Any CPU.ActiveCfg = Debug|Any CPU
		{69DA687E-029C-476E-8771-FCA56D5BDA41}.Debug|Any CPU.Build.0 = Debug|Any CPU
		{69DA687E-029C-476E-8771-FCA56D5BDA41}.Release|Any CPU.ActiveCfg = Release|Any CPU
		{69DA687E-029C-476E-8771-FCA56D5BDA41}.Release|Any CPU.Build.0 = Release|Any CPU
		{F6A0DC14-7C22-4AB6-91C9-C5F7A9F90CA8}.Debug|Any CPU.ActiveCfg = Debug|Any CPU
		{F6A0DC14-7C22-4AB6-91C9-C5F7A9F90CA8}.Debug|Any CPU.Build.0 = Debug|Any CPU
		{F6A0DC14-7C22-4AB6-91C9-C5F7A9F90CA8}.Release|Any CPU.ActiveCfg = Release|Any CPU
		{F6A0DC14-7C22-4AB6-91C9-C5F7A9F90CA8}.Release|Any CPU.Build.0 = Release|Any CPU
		{B6115B10-3712-4534-8124-0027F28A5C8E}.Debug|Any CPU.ActiveCfg = Debug|Any CPU
		{B6115B10-3712-4534-8124-0027F28A5C8E}.Debug|Any CPU.Build.0 = Debug|Any CPU
		{B6115B10-3712-4534-8124-0027F28A5C8E}.Release|Any CPU.ActiveCfg = Release|Any CPU
		{B6115B10-3712-4534-8124-0027F28A5C8E}.Release|Any CPU.Build.0 = Release|Any CPU
	EndGlobalSection
	GlobalSection(SolutionProperties) = preSolution
		HideSolutionNode = FALSE
	EndGlobalSection
EndGlobal
